
Microsoft Visual Studio Solution File, Format Version 12.00
Project("{FAE04EC0-301F-11D3-BF4B-00C04F79EFBC}") = "EulerSolutionCatalogue", "EulerSolutionCatalogue\EulerSolutionCatalogue.csproj", "{A57F7C39-5FA9-4780-A7A5-A8759D23E8CE}"
EndProject
Global
	GlobalSection(SolutionConfigurationPlatforms) = preSolution
		Debug|Any CPU = Debug|Any CPU
		Release|Any CPU = Release|Any CPU
	EndGlobalSection
	GlobalSection(ProjectConfigurationPlatforms) = postSolution
		{A57F7C39-5FA9-4780-A7A5-A8759D23E8CE}.Debug|Any CPU.ActiveCfg = Debug|Any CPU
		{A57F7C39-5FA9-4780-A7A5-A8759D23E8CE}.Debug|Any CPU.Build.0 = Debug|Any CPU
		{A57F7C39-5FA9-4780-A7A5-A8759D23E8CE}.Release|Any CPU.ActiveCfg = Release|Any CPU
		{A57F7C39-5FA9-4780-A7A5-A8759D23E8CE}.Release|Any CPU.Build.0 = Release|Any CPU
	EndGlobalSection
EndGlobal
