
Microsoft Visual Studio Solution File, Format Version 12.00
Project("{FAE04EC0-301F-11D3-BF4B-00C04F79EFBC}") = "projecteuler3", "projecteuler3\projecteuler3.csproj", "{B382356D-A96C-4A29-9A45-444C216C9EDC}"
EndProject
Project("{FAE04EC0-301F-11D3-BF4B-00C04F79EFBC}") = "projecteuler4", "projecteuler4\projecteuler4.csproj", "{776BECCD-3292-4A3C-BA28-247B9CEE901D}"
EndProject
Global
	GlobalSection(SolutionConfigurationPlatforms) = preSolution
		Debug|Any CPU = Debug|Any CPU
		Release|Any CPU = Release|Any CPU
	EndGlobalSection
	GlobalSection(ProjectConfigurationPlatforms) = postSolution
		{B382356D-A96C-4A29-9A45-444C216C9EDC}.Debug|Any CPU.ActiveCfg = Debug|Any CPU
		{B382356D-A96C-4A29-9A45-444C216C9EDC}.Debug|Any CPU.Build.0 = Debug|Any CPU
		{B382356D-A96C-4A29-9A45-444C216C9EDC}.Release|Any CPU.ActiveCfg = Release|Any CPU
		{B382356D-A96C-4A29-9A45-444C216C9EDC}.Release|Any CPU.Build.0 = Release|Any CPU
		{776BECCD-3292-4A3C-BA28-247B9CEE901D}.Debug|Any CPU.ActiveCfg = Debug|Any CPU
		{776BECCD-3292-4A3C-BA28-247B9CEE901D}.Debug|Any CPU.Build.0 = Debug|Any CPU
		{776BECCD-3292-4A3C-BA28-247B9CEE901D}.Release|Any CPU.ActiveCfg = Release|Any CPU
		{776BECCD-3292-4A3C-BA28-247B9CEE901D}.Release|Any CPU.Build.0 = Release|Any CPU
	EndGlobalSection
EndGlobal
